Microsoft Visual Studio Solution File, Format Version 12.00
# Visual Studio Version 17
VisualStudioVersion = 17.0.31903.59
MinimumVisualStudioVersion = 10.0.40219.1
Project("{2150E333-8FDC-42A3-9474-1A3956D46DE8}") = "src", "src", "{D8F384C1-F0D7-4F0B-9F9A-9F7A6A5F1F1B}"
EndProject
Project("{9A19103F-16F7-4668-BE54-9A1E7A4F7556}") = "AvroGen.NET", "src\AvroGen.NET\AvroGen.NET.csproj", "{B8F384C1-F0D7-4F0B-9F9A-9F7A6A5F1F1B}"
EndProject
Project("{9A19103F-16F7-4668-BE54-9A1E7A4F7556}") = "AvroGen.NET.Tool", "src\AvroGen.NET.Tool\AvroGen.NET.Tool.csproj", "{C8F384C1-F0D7-4F0B-9F9A-9F7A6A5F1F1B}"
EndProject
Project("{2150E333-8FDC-42A3-9474-1A3956D46DE8}") = "tests", "tests", "{E8F384C1-F0D7-4F0B-9F9A-9F7A6A5F1F1B}"
EndProject
Project("{9A19103F-16F7-4668-BE54-9A1E7A4F7556}") = "AvroGen.NET.UnitTests", "tests\AvroGen.NET.UnitTests\AvroGen.NET.UnitTests.csproj", "{F8F384C1-F0D7-4F0B-9F9A-9F7A6A5F1F1B}"
EndProject
Project("{9A19103F-16F7-4668-BE54-9A1E7A4F7556}") = "AvroGen.NET.IntegrationTests", "tests\AvroGen.NET.IntegrationTests\AvroGen.NET.IntegrationTests.csproj", "{G8F384C1-F0D7-4F0B-9F9A-9F7A6A5F1F1B}"
EndProject
Project("{2150E333-8FDC-42A3-9474-1A3956D46DE8}") = "examples", "examples", "{H8F384C1-F0D7-4F0B-9F9A-9F7A6A5F1F1B}"
EndProject
Project("{9A19103F-16F7-4668-BE54-9A1E7A4F7556}") = "AvroGen.NET.Examples", "examples\AvroGen.NET.Examples\AvroGen.NET.Examples.csproj", "{I8F384C1-F0D7-4F0B-9F9A-9F7A6A5F1F1B}"
EndProject
Global
	GlobalSection(SolutionConfigurationPlatforms) = preSolution
		Debug|Any CPU = Debug|Any CPU
		Release|Any CPU = Release|Any CPU
	EndGlobalSection
	GlobalSection(ProjectConfigurationPlatforms) = postSolution
		{B8F384C1-F0D7-4F0B-9F9A-9F7A6A5F1F1B}.Debug|Any CPU.ActiveCfg = Debug|Any CPU
		{B8F384C1-F0D7-4F0B-9F9A-9F7A6A5F1F1B}.Debug|Any CPU.Build.0 = Debug|Any CPU
		{B8F384C1-F0D7-4F0B-9F9A-9F7A6A5F1F1B}.Release|Any CPU.ActiveCfg = Release|Any CPU
		{B8F384C1-F0D7-4F0B-9F9A-9F7A6A5F1F1B}.Release|Any CPU.Build.0 = Release|Any CPU
		{C8F384C1-F0D7-4F0B-9F9A-9F7A6A5F1F1B}.Debug|Any CPU.ActiveCfg = Debug|Any CPU
		{C8F384C1-F0D7-4F0B-9F9A-9F7A6A5F1F1B}.Debug|Any CPU.Build.0 = Debug|Any CPU
		{C8F384C1-F0D7-4F0B-9F9A-9F7A6A5F1F1B}.Release|Any CPU.ActiveCfg = Release|Any CPU
		{C8F384C1-F0D7-4F0B-9F9A-9F7A6A5F1F1B}.Release|Any CPU.Build.0 = Release|Any CPU
		{F8F384C1-F0D7-4F0B-9F9A-9F7A6A5F1F1B}.Debug|Any CPU.ActiveCfg = Debug|Any CPU
		{F8F384C1-F0D7-4F0B-9F9A-9F7A6A5F1F1B}.Debug|Any CPU.Build.0 = Debug|Any CPU
		{F8F384C1-F0D7-4F0B-9F9A-9F7A6A5F1F1B}.Release|Any CPU.ActiveCfg = Release|Any CPU
		{F8F384C1-F0D7-4F0B-9F9A-9F7A6A5F1F1B}.Release|Any CPU.Build.0 = Release|Any CPU
		{G8F384C1-F0D7-4F0B-9F9A-9F7A6A5F1F1B}.Debug|Any CPU.ActiveCfg = Debug|Any CPU
		{G8F384C1-F0D7-4F0B-9F9A-9F7A6A5F1F1B}.Debug|Any CPU.Build.0 = Debug|Any CPU
		{G8F384C1-F0D7-4F0B-9F9A-9F7A6A5F1F1B}.Release|Any CPU.ActiveCfg = Release|Any CPU
		{G8F384C1-F0D7-4F0B-9F9A-9F7A6A5F1F1B}.Release|Any CPU.Build.0 = Release|Any CPU
		{I8F384C1-F0D7-4F0B-9F9A-9F7A6A5F1F1B}.Debug|Any CPU.ActiveCfg = Debug|Any CPU
		{I8F384C1-F0D7-4F0B-9F9A-9F7A6A5F1F1B}.Debug|Any CPU.Build.0 = Debug|Any CPU
		{I8F384C1-F0D7-4F0B-9F9A-9F7A6A5F1F1B}.Release|Any CPU.ActiveCfg = Release|Any CPU
		{I8F384C1-F0D7-4F0B-9F9A-9F7A6A5F1F1B}.Release|Any CPU.Build.0 = Release|Any CPU
	EndGlobalSection
	GlobalSection(SolutionProperties) = preSolution
		HideSolutionNode = FALSE
	EndGlobalSection
	GlobalSection(NestedProjects) = preSolution
		{B8F384C1-F0D7-4F0B-9F9A-9F7A6A5F1F1B} = {D8F384C1-F0D7-4F0B-9F9A-9F7A6A5F1F1B}
		{C8F384C1-F0D7-4F0B-9F9A-9F7A6A5F1F1B} = {D8F384C1-F0D7-4F0B-9F9A-9F7A6A5F1F1B}
		{F8F384C1-F0D7-4F0B-9F9A-9F7A6A5F1F1B} = {E8F384C1-F0D7-4F0B-9F9A-9F7A6A5F1F1B}
		{G8F384C1-F0D7-4F0B-9F9A-9F7A6A5F1F1B} = {E8F384C1-F0D7-4F0B-9F9A-9F7A6A5F1F1B}
		{I8F384C1-F0D7-4F0B-9F9A-9F7A6A5F1F1B} = {H8F384C1-F0D7-4F0B-9F9A-9F7A6A5F1F1B}
	EndGlobalSection
EndGlobal
